// !$*UTF8*$!
{
	archiveVersion = 1;
	classes = {
	};
	objectVersion = 56;
	objects = {

/* Begin PBXBuildFile section */
		3613F1DE29C856C900A29F56 /* SignInViewController.swift in Sources */ = {isa = PBXBuildFile; fileRef = 3613F1DD29C856C900A29F56 /* SignInViewController.swift */; };
		369918E029C495230068257E /* AppDelegate.swift in Sources */ = {isa = PBXBuildFile; fileRef = 369918DF29C495230068257E /* AppDelegate.swift */; };
		369918E229C495230068257E /* SceneDelegate.swift in Sources */ = {isa = PBXBuildFile; fileRef = 369918E129C495230068257E /* SceneDelegate.swift */; };
		369918E429C495230068257E /* ViewController.swift in Sources */ = {isa = PBXBuildFile; fileRef = 369918E329C495230068257E /* ViewController.swift */; };
		369918E729C495230068257E /* Main.storyboard in Resources */ = {isa = PBXBuildFile; fileRef = 369918E529C495230068257E /* Main.storyboard */; };
		369918E929C495250068257E /* Assets.xcassets in Resources */ = {isa = PBXBuildFile; fileRef = 369918E829C495250068257E /* Assets.xcassets */; };
		369918EC29C495250068257E /* LaunchScreen.storyboard in Resources */ = {isa = PBXBuildFile; fileRef = 369918EA29C495250068257E /* LaunchScreen.storyboard */; };
		369918F729C495250068257E /* iOS_AnimationTests.swift in Sources */ = {isa = PBXBuildFile; fileRef = 369918F629C495250068257E /* iOS_AnimationTests.swift */; };
		3699190129C495250068257E /* iOS_AnimationUITests.swift in Sources */ = {isa = PBXBuildFile; fileRef = 3699190029C495250068257E /* iOS_AnimationUITests.swift */; };
		3699190329C495250068257E /* iOS_AnimationUITestsLaunchTests.swift in Sources */ = {isa = PBXBuildFile; fileRef = 3699190229C495250068257E /* iOS_AnimationUITestsLaunchTests.swift */; };
		36D1E0FA29D18C1C00385BE5 /* CandyViewController.swift in Sources */ = {isa = PBXBuildFile; fileRef = 36D1E0F929D18C1C00385BE5 /* CandyViewController.swift */; };
/* End PBXBuildFile section */

/* Begin PBXContainerItemProxy section */
		369918F329C495250068257E /* PBXContainerItemProxy */ = {
			isa = PBXContainerItemProxy;
			containerPortal = 369918D429C495230068257E /* Project object */;
			proxyType = 1;
			remoteGlobalIDString = 369918DB29C495230068257E;
			remoteInfo = "iOS Animation";
		};
		369918FD29C495250068257E /* PBXContainerItemProxy */ = {
			isa = PBXContainerItemProxy;
			containerPortal = 369918D429C495230068257E /* Project object */;
			proxyType = 1;
			remoteGlobalIDString = 369918DB29C495230068257E;
			remoteInfo = "iOS Animation";
		};
/* End PBXContainerItemProxy section */

/* Begin PBXFileReference section */
		3613F1DD29C856C900A29F56 /* SignInViewController.swift */ = {isa = PBXFileReference; lastKnownFileType = sourcecode.swift; path = SignInViewController.swift; sourceTree = "<group>"; };
		369918DC29C495230068257E /* iOS Animation.app */ = {isa = PBXFileReference; explicitFileType = wrapper.application; includeInIndex = 0; path = "iOS Animation.app"; sourceTree = BUILT_PRODUCTS_DIR; };
		369918DF29C495230068257E /* AppDelegate.swift */ = {isa = PBXFileReference; lastKnownFileType = sourcecode.swift; path = AppDelegate.swift; sourceTree = "<group>"; };
		369918E129C495230068257E /* SceneDelegate.swift */ = {isa = PBXFileReference; lastKnownFileType = sourcecode.swift; path = SceneDelegate.swift; sourceTree = "<group>"; };
		369918E329C495230068257E /* ViewController.swift */ = {isa = PBXFileReference; lastKnownFileType = sourcecode.swift; path = ViewController.swift; sourceTree = "<group>"; };
		369918E629C495230068257E /* Base */ = {isa = PBXFileReference; lastKnownFileType = file.storyboard; name = Base; path = Base.lproj/Main.storyboard; sourceTree = "<group>"; };
		369918E829C495250068257E /* Assets.xcassets */ = {isa = PBXFileReference; lastKnownFileType = folder.assetcatalog; path = Assets.xcassets; sourceTree = "<group>"; };
		369918EB29C495250068257E /* Base */ = {isa = PBXFileReference; lastKnownFileType = file.storyboard; name = Base; path = Base.lproj/LaunchScreen.storyboard; sourceTree = "<group>"; };
		369918ED29C495250068257E /* Info.plist */ = {isa = PBXFileReference; lastKnownFileType = text.plist.xml; path = Info.plist; sourceTree = "<group>"; };
		369918F229C495250068257E /* iOS AnimationTests.xctest */ = {isa = PBXFileReference; explicitFileType = wrapper.cfbundle; includeInIndex = 0; path = "iOS AnimationTests.xctest"; sourceTree = BUILT_PRODUCTS_DIR; };
		369918F629C495250068257E /* iOS_AnimationTests.swift */ = {isa = PBXFileReference; lastKnownFileType = sourcecode.swift; path = iOS_AnimationTests.swift; sourceTree = "<group>"; };
		369918FC29C495250068257E /* iOS AnimationUITests.xctest */ = {isa = PBXFileReference; explicitFileType = wrapper.cfbundle; includeInIndex = 0; path = "iOS AnimationUITests.xctest"; sourceTree = BUILT_PRODUCTS_DIR; };
		3699190029C495250068257E /* iOS_AnimationUITests.swift */ = {isa = PBXFileReference; lastKnownFileType = sourcecode.swift; path = iOS_AnimationUITests.swift; sourceTree = "<group>"; };
		3699190229C495250068257E /* iOS_AnimationUITestsLaunchTests.swift */ = {isa = PBXFileReference; lastKnownFileType = sourcecode.swift; path = iOS_AnimationUITestsLaunchTests.swift; sourceTree = "<group>"; };
		36D1E0F929D18C1C00385BE5 /* CandyViewController.swift */ = {isa = PBXFileReference; lastKnownFileType = sourcecode.swift; path = CandyViewController.swift; sourceTree = "<group>"; };
/* End PBXFileReference section */

/* Begin PBXFrameworksBuildPhase section */
		369918D929C495230068257E /* Frameworks */ = {
			isa = PBXFrameworksBuildPhase;
			buildActionMask = 2147483647;
			files = (
			);
			runOnlyForDeploymentPostprocessing = 0;
		};
		369918EF29C495250068257E /* Frameworks */ = {
			isa = PBXFrameworksBuildPhase;
			buildActionMask = 2147483647;
			files = (
			);
			runOnlyForDeploymentPostprocessing = 0;
		};
		369918F929C495250068257E /* Frameworks */ = {
			isa = PBXFrameworksBuildPhase;
			buildActionMask = 2147483647;
			files = (
			);
			runOnlyForDeploymentPostprocessing = 0;
		};
/* End PBXFrameworksBuildPhase section */

/* Begin PBXGroup section */
		369918D329C495230068257E = {
			isa = PBXGroup;
			children = (
				369918DE29C495230068257E /* iOS Animation */,
				369918F529C495250068257E /* iOS AnimationTests */,
				369918FF29C495250068257E /* iOS AnimationUITests */,
				369918DD29C495230068257E /* Products */,
			);
			sourceTree = "<group>";
		};
		369918DD29C495230068257E /* Products */ = {
			isa = PBXGroup;
			children = (
				369918DC29C495230068257E /* iOS Animation.app */,
				369918F229C495250068257E /* iOS AnimationTests.xctest */,
				369918FC29C495250068257E /* iOS AnimationUITests.xctest */,
			);
			name = Products;
			sourceTree = "<group>";
		};
		369918DE29C495230068257E /* iOS Animation */ = {
			isa = PBXGroup;
			children = (
				369918DF29C495230068257E /* AppDelegate.swift */,
				369918E129C495230068257E /* SceneDelegate.swift */,
				369918E329C495230068257E /* ViewController.swift */,
				369918E529C495230068257E /* Main.storyboard */,
				36D1E0F929D18C1C00385BE5 /* CandyViewController.swift */,
				3613F1DD29C856C900A29F56 /* SignInViewController.swift */,
				369918E829C495250068257E /* Assets.xcassets */,
				369918EA29C495250068257E /* LaunchScreen.storyboard */,
				369918ED29C495250068257E /* Info.plist */,
			);
			path = "iOS Animation";
			sourceTree = "<group>";
		};
		369918F529C495250068257E /* iOS AnimationTests */ = {
			isa = PBXGroup;
			children = (
				369918F629C495250068257E /* iOS_AnimationTests.swift */,
			);
			path = "iOS AnimationTests";
			sourceTree = "<group>";
		};
		369918FF29C495250068257E /* iOS AnimationUITests */ = {
			isa = PBXGroup;
			children = (
				3699190029C495250068257E /* iOS_AnimationUITests.swift */,
				3699190229C495250068257E /* iOS_AnimationUITestsLaunchTests.swift */,
			);
			path = "iOS AnimationUITests";
			sourceTree = "<group>";
		};
/* End PBXGroup section */

/* Begin PBXNativeTarget section */
		369918DB29C495230068257E /* iOS Animation */ = {
			isa = PBXNativeTarget;
			buildConfigurationList = 3699190629C495250068257E /* Build configuration list for PBXNativeTarget "iOS Animation" */;
			buildPhases = (
				369918D829C495230068257E /* Sources */,
				369918D929C495230068257E /* Frameworks */,
				369918DA29C495230068257E /* Resources */,
			);
			buildRules = (
			);
			dependencies = (
			);
			name = "iOS Animation";
			productName = "iOS Animation";
			productReference = 369918DC29C495230068257E /* iOS Animation.app */;
			productType = "com.apple.product-type.application";
		};
		369918F129C495250068257E /* iOS AnimationTests */ = {
			isa = PBXNativeTarget;
			buildConfigurationList = 3699190929C495250068257E /* Build configuration list for PBXNativeTarget "iOS AnimationTests" */;
			buildPhases = (
				369918EE29C495250068257E /* Sources */,
				369918EF29C495250068257E /* Frameworks */,
				369918F029C495250068257E /* Resources */,
			);
			buildRules = (
			);
			dependencies = (
				369918F429C495250068257E /* PBXTargetDependency */,
			);
			name = "iOS AnimationTests";
			productName = "iOS AnimationTests";
			productReference = 369918F229C495250068257E /* iOS AnimationTests.xctest */;
			productType = "com.apple.product-type.bundle.unit-test";
		};
		369918FB29C495250068257E /* iOS AnimationUITests */ = {
			isa = PBXNativeTarget;
			buildConfigurationList = 3699190C29C495250068257E /* Build configuration list for PBXNativeTarget "iOS AnimationUITests" */;
			buildPhases = (
				369918F829C495250068257E /* Sources */,
				369918F929C495250068257E /* Frameworks */,
				369918FA29C495250068257E /* Resources */,
			);
			buildRules = (
			);
			dependencies = (
				369918FE29C495250068257E /* PBXTargetDependency */,
			);
			name = "iOS AnimationUITests";
			productName = "iOS AnimationUITests";
			productReference = 369918FC29C495250068257E /* iOS AnimationUITests.xctest */;
			productType = "com.apple.product-type.bundle.ui-testing";
		};
/* End PBXNativeTarget section */

/* Begin PBXProject section */
		369918D429C495230068257E /* Project object */ = {
			isa = PBXProject;
			attributes = {
				BuildIndependentTargetsInParallel = 1;
				LastSwiftUpdateCheck = 1400;
				LastUpgradeCheck = 1400;
				TargetAttributes = {
					369918DB29C495230068257E = {
						CreatedOnToolsVersion = 14.0.1;
					};
					369918F129C495250068257E = {
						CreatedOnToolsVersion = 14.0.1;
						TestTargetID = 369918DB29C495230068257E;
					};
					369918FB29C495250068257E = {
						CreatedOnToolsVersion = 14.0.1;
						TestTargetID = 369918DB29C495230068257E;
					};
				};
			};
			buildConfigurationList = 369918D729C495230068257E /* Build configuration list for PBXProject "iOS Animation" */;
			compatibilityVersion = "Xcode 14.0";
			developmentRegion = en;
			hasScannedForEncodings = 0;
			knownRegions = (
				en,
				Base,
			);
			mainGroup = 369918D329C495230068257E;
			productRefGroup = 369918DD29C495230068257E /* Products */;
			projectDirPath = "";
			projectRoot = "";
			targets = (
				369918DB29C495230068257E /* iOS Animation */,
				369918F129C495250068257E /* iOS AnimationTests */,
				369918FB29C495250068257E /* iOS AnimationUITests */,
			);
		};
/* End PBXProject section */

/* Begin PBXResourcesBuildPhase section */
		369918DA29C495230068257E /* Resources */ = {
			isa = PBXResourcesBuildPhase;
			buildActionMask = 2147483647;
			files = (
				369918EC29C495250068257E /* LaunchScreen.storyboard in Resources */,
				369918E929C495250068257E /* Assets.xcassets in Resources */,
				369918E729C495230068257E /* Main.storyboard in Resources */,
			);
			runOnlyForDeploymentPostprocessing = 0;
		};
		369918F029C495250068257E /* Resources */ = {
			isa = PBXResourcesBuildPhase;
			buildActionMask = 2147483647;
			files = (
			);
			runOnlyForDeploymentPostprocessing = 0;
		};
		369918FA29C495250068257E /* Resources */ = {
			isa = PBXResourcesBuildPhase;
			buildActionMask = 2147483647;
			files = (
			);
			runOnlyForDeploymentPostprocessing = 0;
		};
/* End PBXResourcesBuildPhase section */

/* Begin PBXSourcesBuildPhase section */
		369918D829C495230068257E /* Sources */ = {
			isa = PBXSourcesBuildPhase;
			buildActionMask = 2147483647;
			files = (
				36D1E0FA29D18C1C00385BE5 /* CandyViewController.swift in Sources */,
				3613F1DE29C856C900A29F56 /* SignInViewController.swift in Sources */,
				369918E429C495230068257E /* ViewController.swift in Sources */,
				369918E029C495230068257E /* AppDelegate.swift in Sources */,
				369918E229C495230068257E /* SceneDelegate.swift in Sources */,
			);
			runOnlyForDeploymentPostprocessing = 0;
		};
		369918EE29C495250068257E /* Sources */ = {
			isa = PBXSourcesBuildPhase;
			buildActionMask = 2147483647;
			files = (
				369918F729C495250068257E /* iOS_AnimationTests.swift in Sources */,
			);
			runOnlyForDeploymentPostprocessing = 0;
		};
		369918F829C495250068257E /* Sources */ = {
			isa = PBXSourcesBuildPhase;
			buildActionMask = 2147483647;
			files = (
				3699190129C495250068257E /* iOS_AnimationUITests.swift in Sources */,
				3699190329C495250068257E /* iOS_AnimationUITestsLaunchTests.swift in Sources */,
			);
			runOnlyForDeploymentPostprocessing = 0;
		};
/* End PBXSourcesBuildPhase section */

/* Begin PBXTargetDependency section */
		369918F429C495250068257E /* PBXTargetDependency */ = {
			isa = PBXTargetDependency;
			target = 369918DB29C495230068257E /* iOS Animation */;
			targetProxy = 369918F329C495250068257E /* PBXContainerItemProxy */;
		};
		369918FE29C495250068257E /* PBXTargetDependency */ = {
			isa = PBXTargetDependency;
			target = 369918DB29C495230068257E /* iOS Animation */;
			targetProxy = 369918FD29C495250068257E /* PBXContainerItemProxy */;
		};
/* End PBXTargetDependency section */

/* Begin PBXVariantGroup section */
		369918E529C495230068257E /* Main.storyboard */ = {
			isa = PBXVariantGroup;
			children = (
				369918E629C495230068257E /* Base */,
			);
			name = Main.storyboard;
			sourceTree = "<group>";
		};
		369918EA29C495250068257E /* LaunchScreen.storyboard */ = {
			isa = PBXVariantGroup;
			children = (
				369918EB29C495250068257E /* Base */,
			);
			name = LaunchScreen.storyboard;
			sourceTree = "<group>";
		};
/* End PBXVariantGroup section */

/* Begin XCBuildConfiguration section */
		3699190429C495250068257E /* Debug */ = {
			isa = XCBuildConfiguration;
			buildSettings = {
				ALWAYS_SEARCH_USER_PATHS = NO;
				CLANG_ANALYZER_NONNULL = YES;
				CLANG_ANALYZER_NUMBER_OBJECT_CONVERSION = YES_AGGRESSIVE;
				CLANG_CXX_LANGUAGE_STANDARD = "gnu++20";
				CLANG_ENABLE_MODULES = YES;
				CLANG_ENABLE_OBJC_ARC = YES;
				CLANG_ENABLE_OBJC_WEAK = YES;
				CLANG_WARN_BLOCK_CAPTURE_AUTORELEASING = YES;
				CLANG_WARN_BOOL_CONVERSION = YES;
				CLANG_WARN_COMMA = YES;
				CLANG_WARN_CONSTANT_CONVERSION = YES;
				CLANG_WARN_DEPRECATED_OBJC_IMPLEMENTATIONS = YES;
				CLANG_WARN_DIRECT_OBJC_ISA_USAGE = YES_ERROR;
				CLANG_WARN_DOCUMENTATION_COMMENTS = YES;
				CLANG_WARN_EMPTY_BODY = YES;
				CLANG_WARN_ENUM_CONVERSION = YES;
				CLANG_WARN_INFINITE_RECURSION = YES;
				CLANG_WARN_INT_CONVERSION = YES;
				CLANG_WARN_NON_LITERAL_NULL_CONVERSION = YES;
				CLANG_WARN_OBJC_IMPLICIT_RETAIN_SELF = YES;
				CLANG_WARN_OBJC_LITERAL_CONVERSION = YES;
				CLANG_WARN_OBJC_ROOT_CLASS = YES_ERROR;
				CLANG_WARN_QUOTED_INCLUDE_IN_FRAMEWORK_HEADER = YES;
				CLANG_WARN_RANGE_LOOP_ANALYSIS = YES;
				CLANG_WARN_STRICT_PROTOTYPES = YES;
				CLANG_WARN_SUSPICIOUS_MOVE = YES;
				CLANG_WARN_UNGUARDED_AVAILABILITY = YES_AGGRESSIVE;
				CLANG_WARN_UNREACHABLE_CODE = YES;
				CLANG_WARN__DUPLICATE_METHOD_MATCH = YES;
				COPY_PHASE_STRIP = NO;
				DEBUG_INFORMATION_FORMAT = dwarf;
				ENABLE_STRICT_OBJC_MSGSEND = YES;
				ENABLE_TESTABILITY = YES;
				GCC_C_LANGUAGE_STANDARD = gnu11;
				GCC_DYNAMIC_NO_PIC = NO;
				GCC_NO_COMMON_BLOCKS = YES;
				GCC_OPTIMIZATION_LEVEL = 0;
				GCC_PREPROCESSOR_DEFINITIONS = (
					"DEBUG=1",
					"$(inherited)",
				);
				GCC_WARN_64_TO_32_BIT_CONVERSION = YES;
				GCC_WARN_ABOUT_RETURN_TYPE = YES_ERROR;
				GCC_WARN_UNDECLARED_SELECTOR = YES;
				GCC_WARN_UNINITIALIZED_AUTOS = YES_AGGRESSIVE;
				GCC_WARN_UNUSED_FUNCTION = YES;
				GCC_WARN_UNUSED_VARIABLE = YES;
				IPHONEOS_DEPLOYMENT_TARGET = 16.0;
				MTL_ENABLE_DEBUG_INFO = INCLUDE_SOURCE;
				MTL_FAST_MATH = YES;
				ONLY_ACTIVE_ARCH = YES;
				SDKROOT = iphoneos;
				SWIFT_ACTIVE_COMPILATION_CONDITIONS = DEBUG;
				SWIFT_OPTIMIZATION_LEVEL = "-Onone";
			};
			name = Debug;
		};
		3699190529C495250068257E /* Release */ = {
			isa = XCBuildConfiguration;
			buildSettings = {
				ALWAYS_SEARCH_USER_PATHS = NO;
				CLANG_ANALYZER_NONNULL = YES;
				CLANG_ANALYZER_NUMBER_OBJECT_CONVERSION = YES_AGGRESSIVE;
				CLANG_CXX_LANGUAGE_STANDARD = "gnu++20";
				CLANG_ENABLE_MODULES = YES;
				CLANG_ENABLE_OBJC_ARC = YES;
				CLANG_ENABLE_OBJC_WEAK = YES;
				CLANG_WARN_BLOCK_CAPTURE_AUTORELEASING = YES;
				CLANG_WARN_BOOL_CONVERSION = YES;
				CLANG_WARN_COMMA = YES;
				CLANG_WARN_CONSTANT_CONVERSION = YES;
				CLANG_WARN_DEPRECATED_OBJC_IMPLEMENTATIONS = YES;
				CLANG_WARN_DIRECT_OBJC_ISA_USAGE = YES_ERROR;
				CLANG_WARN_DOCUMENTATION_COMMENTS = YES;
				CLANG_WARN_EMPTY_BODY = YES;
				CLANG_WARN_ENUM_CONVERSION = YES;
				CLANG_WARN_INFINITE_RECURSION = YES;
				CLANG_WARN_INT_CONVERSION = YES;
				CLANG_WARN_NON_LITERAL_NULL_CONVERSION = YES;
				CLANG_WARN_OBJC_IMPLICIT_RETAIN_SELF = YES;
				CLANG_WARN_OBJC_LITERAL_CONVERSION = YES;
				CLANG_WARN_OBJC_ROOT_CLASS = YES_ERROR;
				CLANG_WARN_QUOTED_INCLUDE_IN_FRAMEWORK_HEADER = YES;
				CLANG_WARN_RANGE_LOOP_ANALYSIS = YES;
				CLANG_WARN_STRICT_PROTOTYPES = YES;
				CLANG_WARN_SUSPICIOUS_MOVE = YES;
				CLANG_WARN_UNGUARDED_AVAILABILITY = YES_AGGRESSIVE;
				CLANG_WARN_UNREACHABLE_CODE = YES;
				CLANG_WARN__DUPLICATE_METHOD_MATCH = YES;
				COPY_PHASE_STRIP = NO;
				DEBUG_INFORMATION_FORMAT = "dwarf-with-dsym";
				ENABLE_NS_ASSERTIONS = NO;
				ENABLE_STRICT_OBJC_MSGSEND = YES;
				GCC_C_LANGUAGE_STANDARD = gnu11;
				GCC_NO_COMMON_BLOCKS = YES;
				GCC_WARN_64_TO_32_BIT_CONVERSION = YES;
				GCC_WARN_ABOUT_RETURN_TYPE = YES_ERROR;
				GCC_WARN_UNDECLARED_SELECTOR = YES;
				GCC_WARN_UNINITIALIZED_AUTOS = YES_AGGRESSIVE;
				GCC_WARN_UNUSED_FUNCTION = YES;
				GCC_WARN_UNUSED_VARIABLE = YES;
				IPHONEOS_DEPLOYMENT_TARGET = 16.0;
				MTL_ENABLE_DEBUG_INFO = NO;
				MTL_FAST_MATH = YES;
				SDKROOT = iphoneos;
				SWIFT_COMPILATION_MODE = wholemodule;
				SWIFT_OPTIMIZATION_LEVEL = "-O";
				VALIDATE_PRODUCT = YES;
			};
			name = Release;
		};
		3699190729C495250068257E /* Debug */ = {
			isa = XCBuildConfiguration;
			buildSettings = {
				ASSETCATALOG_COMPILER_APPICON_NAME = AppIcon;
				ASSETCATALOG_COMPILER_GLOBAL_ACCENT_COLOR_NAME = AccentColor;
				CODE_SIGN_STYLE = Automatic;
				CURRENT_PROJECT_VERSION = 1;
				GENERATE_INFOPLIST_FILE = YES;
				INFOPLIST_FILE = "iOS Animation/Info.plist";
				INFOPLIST_KEY_UIApplicationSupportsIndirectInputEvents = YES;
				INFOPLIST_KEY_UILaunchStoryboardName = LaunchScreen;
				INFOPLIST_KEY_UIMainStoryboardFile = Main;
				INFOPLIST_KEY_UISupportedInterfaceOrientations_iPad = "UIInterfaceOrientationPortrait UIInterfaceOrientationPortraitUpsideDown UIInterfaceOrientationLandscapeLeft UIInterfaceOrientationLandscapeRight";
				INFOPLIST_KEY_UISupportedInterfaceOrientations_iPhone = "UIInterfaceOrientationPortrait UIInterfaceOrientationLandscapeLeft UIInterfaceOrientationLandscapeRight";
				LD_RUNPATH_SEARCH_PATHS = (
					"$(inherited)",
					"@executable_path/Frameworks",
				);
				MARKETING_VERSION = 1.0;
				PRODUCT_BUNDLE_IDENTIFIER = "kuzmichev.iOS-Animation";
				PRODUCT_NAME = "$(TARGET_NAME)";
				SWIFT_EMIT_LOC_STRINGS = YES;
				SWIFT_VERSION = 5.0;
				TARGETED_DEVICE_FAMILY = "1,2";
			};
			name = Debug;
		};
		3699190829C495250068257E /* Release */ = {
			isa = XCBuildConfiguration;
			buildSettings = {
				ASSETCATALOG_COMPILER_APPICON_NAME = AppIcon;
				ASSETCATALOG_COMPILER_GLOBAL_ACCENT_COLOR_NAME = AccentColor;
				CODE_SIGN_STYLE = Automatic;
				CURRENT_PROJECT_VERSION = 1;
				GENERATE_INFOPLIST_FILE = YES;
				INFOPLIST_FILE = "iOS Animation/Info.plist";
				INFOPLIST_KEY_UIApplicationSupportsIndirectInputEvents = YES;
				INFOPLIST_KEY_UILaunchStoryboardName = LaunchScreen;
				INFOPLIST_KEY_UIMainStoryboardFile = Main;
				INFOPLIST_KEY_UISupportedInterfaceOrientations_iPad = "UIInterfaceOrientationPortrait UIInterfaceOrientationPortraitUpsideDown UIInterfaceOrientationLandscapeLeft UIInterfaceOrientationLandscapeRight";
				INFOPLIST_KEY_UISupportedInterfaceOrientations_iPhone = "UIInterfaceOrientationPortrait UIInterfaceOrientationLandscapeLeft UIInterfaceOrientationLandscapeRight";
				LD_RUNPATH_SEARCH_PATHS = (
					"$(inherited)",
					"@executable_path/Frameworks",
				);
				MARKETING_VERSION = 1.0;
				PRODUCT_BUNDLE_IDENTIFIER = "kuzmichev.iOS-Animation";
				PRODUCT_NAME = "$(TARGET_NAME)";
				SWIFT_EMIT_LOC_STRINGS = YES;
				SWIFT_VERSION = 5.0;
				TARGETED_DEVICE_FAMILY = "1,2";
			};
			name = Release;
		};
		3699190A29C495250068257E /* Debug */ = {
			isa = XCBuildConfiguration;
			buildSettings = {
				ALWAYS_EMBED_SWIFT_STANDARD_LIBRARIES = YES;
				BUNDLE_LOADER = "$(TEST_HOST)";
				CODE_SIGN_STYLE = Automatic;
				CURRENT_PROJECT_VERSION = 1;
				GENERATE_INFOPLIST_FILE = YES;
				IPHONEOS_DEPLOYMENT_TARGET = 16.0;
				MARKETING_VERSION = 1.0;
				PRODUCT_BUNDLE_IDENTIFIER = "kuzmichev.iOS-AnimationTests";
				PRODUCT_NAME = "$(TARGET_NAME)";
				SWIFT_EMIT_LOC_STRINGS = NO;
				SWIFT_VERSION = 5.0;
				TARGETED_DEVICE_FAMILY = "1,2";
				TEST_HOST = "$(BUILT_PRODUCTS_DIR)/iOS Animation.app/$(BUNDLE_EXECUTABLE_FOLDER_PATH)/iOS Animation";
			};
			name = Debug;
		};
		3699190B29C495250068257E /* Release */ = {
			isa = XCBuildConfiguration;
			buildSettings = {
				ALWAYS_EMBED_SWIFT_STANDARD_LIBRARIES = YES;
				BUNDLE_LOADER = "$(TEST_HOST)";
				CODE_SIGN_STYLE = Automatic;
				CURRENT_PROJECT_VERSION = 1;
				GENERATE_INFOPLIST_FILE = YES;
				IPHONEOS_DEPLOYMENT_TARGET = 16.0;
				MARKETING_VERSION = 1.0;
				PRODUCT_BUNDLE_IDENTIFIER = "kuzmichev.iOS-AnimationTests";
				PRODUCT_NAME = "$(TARGET_NAME)";
				SWIFT_EMIT_LOC_STRINGS = NO;
				SWIFT_VERSION = 5.0;
				TARGETED_DEVICE_FAMILY = "1,2";
				TEST_HOST = "$(BUILT_PRODUCTS_DIR)/iOS Animation.app/$(BUNDLE_EXECUTABLE_FOLDER_PATH)/iOS Animation";
			};
			name = Release;
		};
		3699190D29C495250068257E /* Debug */ = {
			isa = XCBuildConfiguration;
			buildSettings = {
				ALWAYS_EMBED_SWIFT_STANDARD_LIBRARIES = YES;
				CODE_SIGN_STYLE = Automatic;
				CURRENT_PROJECT_VERSION = 1;
				GENERATE_INFOPLIST_FILE = YES;
				MARKETING_VERSION = 1.0;
				PRODUCT_BUNDLE_IDENTIFIER = "kuzmichev.iOS-AnimationUITests";
				PRODUCT_NAME = "$(TARGET_NAME)";
				SWIFT_EMIT_LOC_STRINGS = NO;
				SWIFT_VERSION = 5.0;
				TARGETED_DEVICE_FAMILY = "1,2";
				TEST_TARGET_NAME = "iOS Animation";
			};
			name = Debug;
		};
		3699190E29C495250068257E /* Release */ = {
			isa = XCBuildConfiguration;
			buildSettings = {
				ALWAYS_EMBED_SWIFT_STANDARD_LIBRARIES = YES;
				CODE_SIGN_STYLE = Automatic;
				CURRENT_PROJECT_VERSION = 1;
				GENERATE_INFOPLIST_FILE = YES;
				MARKETING_VERSION = 1.0;
				PRODUCT_BUNDLE_IDENTIFIER = "kuzmichev.iOS-AnimationUITests";
				PRODUCT_NAME = "$(TARGET_NAME)";
				SWIFT_EMIT_LOC_STRINGS = NO;
				SWIFT_VERSION = 5.0;
				TARGETED_DEVICE_FAMILY = "1,2";
				TEST_TARGET_NAME = "iOS Animation";
			};
			name = Release;
		};
/* End XCBuildConfiguration section */

/* Begin XCConfigurationList section */
		369918D729C495230068257E /* Build configuration list for PBXProject "iOS Animation" */ = {
			isa = XCConfigurationList;
			buildConfigurations = (
				3699190429C495250068257E /* Debug */,
				3699190529C495250068257E /* Release */,
			);
			defaultConfigurationIsVisible = 0;
			defaultConfigurationName = Release;
		};
		3699190629C495250068257E /* Build configuration list for PBXNativeTarget "iOS Animation" */ = {
			isa = XCConfigurationList;
			buildConfigurations = (
				3699190729C495250068257E /* Debug */,
				3699190829C495250068257E /* Release */,
			);
			defaultConfigurationIsVisible = 0;
			defaultConfigurationName = Release;
		};
		3699190929C495250068257E /* Build configuration list for PBXNativeTarget "iOS AnimationTests" */ = {
			isa = XCConfigurationList;
			buildConfigurations = (
				3699190A29C495250068257E /* Debug */,
				3699190B29C495250068257E /* Release */,
			);
			defaultConfigurationIsVisible = 0;
			defaultConfigurationName = Release;
		};
		3699190C29C495250068257E /* Build configuration list for PBXNativeTarget "iOS AnimationUITests" */ = {
			isa = XCConfigurationList;
			buildConfigurations = (
				3699190D29C495250068257E /* Debug */,
				3699190E29C495250068257E /* Release */,
			);
			defaultConfigurationIsVisible = 0;
			defaultConfigurationName = Release;
		};
/* End XCConfigurationList section */
	};
	rootObject = 369918D429C495230068257E /* Project object */;
}
